
Microsoft Visual Studio Solution File, Format Version 12.00
# Visual Studio Version 16
VisualStudioVersion = 16.0.30104.148
MinimumVisualStudioVersion = 10.0.40219.1
Project("{8BC9CEB8-8B4A-11D0-8D11-00A0C91BC942}") = "lesson67Task2", "lesson67Task2\lesson67Task2.vcxproj", "{2ED6BC1C-205B-4432-8F3A-899C6683B8A7}"
EndProject
Global
	GlobalSection(SolutionConfigurationPlatforms) = preSolution
		Debug|x64 = Debug|x64
		Debug|x86 = Debug|x86
		Release|x64 = Release|x64
		Release|x86 = Release|x86
	EndGlobalSection
	GlobalSection(ProjectConfigurationPlatforms) = postSolution
		{2ED6BC1C-205B-4432-8F3A-899C6683B8A7}.Debug|x64.ActiveCfg = Debug|x64
		{2ED6BC1C-205B-4432-8F3A-899C6683B8A7}.Debug|x64.Build.0 = Debug|x64
		{2ED6BC1C-205B-4432-8F3A-899C6683B8A7}.Debug|x86.ActiveCfg = Debug|Win32
		{2ED6BC1C-205B-4432-8F3A-899C6683B8A7}.Debug|x86.Build.0 = Debug|Win32
		{2ED6BC1C-205B-4432-8F3A-899C6683B8A7}.Release|x64.ActiveCfg = Release|x64
		{2ED6BC1C-205B-4432-8F3A-899C6683B8A7}.Release|x64.Build.0 = Release|x64
		{2ED6BC1C-205B-4432-8F3A-899C6683B8A7}.Release|x86.ActiveCfg = Release|Win32
		{2ED6BC1C-205B-4432-8F3A-899C6683B8A7}.Release|x86.Build.0 = Release|Win32
	EndGlobalSection
	GlobalSection(SolutionProperties) = preSolution
		HideSolutionNode = FALSE
	EndGlobalSection
	GlobalSection(ExtensibilityGlobals) = postSolution
		SolutionGuid = {A792B0D9-3472-4C47-8DE6-0136AAE66407}
	EndGlobalSection
EndGlobal
